{
    "name": "fastevm-contracts",
    "version": "1.0.0",
    "lockfileVersion": 2,
    "requires": true,
    "packages": {
        "": {
            "name": "fastevm-contracts",
            "version": "1.0.0",
            "hasInstallScript": true,
            "dependencies": {
                "dotenv": "^17.2.1"
            },
            "devDependencies": {
                "foundry": "^0.2.0"
            }
        },
        "node_modules/async": {
            "version": "0.2.10",
            "resolved": "https://registry.npmjs.org/async/-/async-0.2.10.tgz",
            "integrity": "sha512-eAkdoKxU6/LkKDBzLpT+t6Ff5EtfSF4wx1WfJiPEEV7WNLnDaRXk0oVysiEPm262roaachGexwUv94WhSgN5TQ==",
            "dev": true
        },
        "node_modules/dotenv": {
            "version": "17.2.1",
            "resolved": "https://registry.npmjs.org/dotenv/-/dotenv-17.2.1.tgz",
            "integrity": "sha512-kQhDYKZecqnM0fCnzI5eIv5L4cAe/iRI+HqMbO/hbRdTAeXDG+M9FjipUxNfbARuEg4iHIbhnhs78BCHNbSxEQ==",
            "license": "BSD-2-Clause",
            "engines": {
                "node": ">=12"
            },
            "funding": {
                "url": "https://dotenvx.com"
            }
        },
        "node_modules/foundry": {
            "version": "0.2.0",
            "resolved": "https://registry.npmjs.org/foundry/-/foundry-0.2.0.tgz",
            "integrity": "sha512-l3XKB+PFbe6Dksg4YBcMJFPfWx1C8B8lEAy0Yah8eKvTdqrik0MhE4SFX8YTdP2sw08H90AWtR/ufdYaN003Fw==",
            "dev": true,
            "dependencies": {
                "async": "~0.2.9",
                "commander": "~2.1.0",
                "obj-extend": "~0.1.0",
                "shelljs": "~0.2.6"
            },
            "bin": {
                "foundry": "bin/foundry"
            },
            "engines": {
                "node": ">= 0.8.0"
            }
        },
        "node_modules/foundry/node_modules/commander": {
            "version": "2.1.0",
            "resolved": "https://registry.npmjs.org/commander/-/commander-2.1.0.tgz",
            "integrity": "sha512-J2wnb6TKniXNOtoHS8TSrG9IOQluPrsmyAJ8oCUJOBmv+uLBCyPYAZkD2jFvw2DCzIXNnISIM01NIvr35TkBMQ==",
            "dev": true,
            "engines": {
                "node": ">= 0.6.x"
            }
        },
        "node_modules/obj-extend": {
            "version": "0.1.0",
            "resolved": "https://registry.npmjs.org/obj-extend/-/obj-extend-0.1.0.tgz",
            "integrity": "sha512-or9c7Ue2wWCun41DuLP3+LKEUjSZcDSxfCM4HZQSX9tcjLL/yuzTW7MmtVNs+MmN16uDRpDrFmFK/WVSm4vklg==",
            "dev": true,
            "engines": {
                "node": "*"
            }
        },
        "node_modules/shelljs": {
            "version": "0.2.6",
            "resolved": "https://registry.npmjs.org/shelljs/-/shelljs-0.2.6.tgz",
            "integrity": "sha512-LQiM15qPbSyzHDFfI4v7EVhjBXG5PUAKWVBnVMBXwdlQSHZtzKYeKGzDHBIqpenPrCsPWqBSOF5o7oSvSfX+CA==",
            "dev": true,
            "bin": {
                "shjs": "bin/shjs"
            },
            "engines": {
                "node": ">=0.8.0"
            }
        }
    },
    "dependencies": {
        "async": {
            "version": "0.2.10",
            "resolved": "https://registry.npmjs.org/async/-/async-0.2.10.tgz",
            "integrity": "sha512-eAkdoKxU6/LkKDBzLpT+t6Ff5EtfSF4wx1WfJiPEEV7WNLnDaRXk0oVysiEPm262roaachGexwUv94WhSgN5TQ==",
            "dev": true
        },
        "dotenv": {
            "version": "17.2.1",
            "resolved": "https://registry.npmjs.org/dotenv/-/dotenv-17.2.1.tgz",
            "integrity": "sha512-kQhDYKZecqnM0fCnzI5eIv5L4cAe/iRI+HqMbO/hbRdTAeXDG+M9FjipUxNfbARuEg4iHIbhnhs78BCHNbSxEQ=="
        },
        "foundry": {
            "version": "0.2.0",
            "resolved": "https://registry.npmjs.org/foundry/-/foundry-0.2.0.tgz",
            "integrity": "sha512-l3XKB+PFbe6Dksg4YBcMJFPfWx1C8B8lEAy0Yah8eKvTdqrik0MhE4SFX8YTdP2sw08H90AWtR/ufdYaN003Fw==",
            "dev": true,
            "requires": {
                "async": "~0.2.9",
                "commander": "~2.1.0",
                "obj-extend": "~0.1.0",
                "shelljs": "~0.2.6"
            },
            "dependencies": {
                "commander": {
                    "version": "2.1.0",
                    "resolved": "https://registry.npmjs.org/commander/-/commander-2.1.0.tgz",
                    "integrity": "sha512-J2wnb6TKniXNOtoHS8TSrG9IOQluPrsmyAJ8oCUJOBmv+uLBCyPYAZkD2jFvw2DCzIXNnISIM01NIvr35TkBMQ==",
                    "dev": true
                }
            }
        },
        "obj-extend": {
            "version": "0.1.0",
            "resolved": "https://registry.npmjs.org/obj-extend/-/obj-extend-0.1.0.tgz",
            "integrity": "sha512-or9c7Ue2wWCun41DuLP3+LKEUjSZcDSxfCM4HZQSX9tcjLL/yuzTW7MmtVNs+MmN16uDRpDrFmFK/WVSm4vklg==",
            "dev": true
        },
        "shelljs": {
            "version": "0.2.6",
            "resolved": "https://registry.npmjs.org/shelljs/-/shelljs-0.2.6.tgz",
            "integrity": "sha512-LQiM15qPbSyzHDFfI4v7EVhjBXG5PUAKWVBnVMBXwdlQSHZtzKYeKGzDHBIqpenPrCsPWqBSOF5o7oSvSfX+CA==",
            "dev": true
        }
    }
}
